Microsoft Visual Studio Solution File, Format Version 12.00
# Visual Studio 14
Project("{8BC9CEB8-8B4A-11D0-8D11-00A0C91BC942}") = "ALL_BUILD", "ALL_BUILD.vcxproj", "{744EFE64-30B6-3A97-8189-59496472485D}"
	ProjectSection(ProjectDependencies) = postProject
		{7622EE22-9C9D-3584-BA81-B6B8F138B09C} = {7622EE22-9C9D-3584-BA81-B6B8F138B09C}
		{54023E01-F58A-3A5E-B54C-AD25BF6A43A9} = {54023E01-F58A-3A5E-B54C-AD25BF6A43A9}
		{B82B18F3-5F33-32AF-984D-083219C9BEA1} = {B82B18F3-5F33-32AF-984D-083219C9BEA1}
	EndProjectSection
EndProject
Project("{8BC9CEB8-8B4A-11D0-8D11-00A0C91BC942}") = "INSTALL", "INSTALL.vcxproj", "{FC211B35-5BB8-3D5C-868B-A196E563EF34}"
	ProjectSection(ProjectDependencies) = postProject
		{744EFE64-30B6-3A97-8189-59496472485D} = {744EFE64-30B6-3A97-8189-59496472485D}
		{7622EE22-9C9D-3584-BA81-B6B8F138B09C} = {7622EE22-9C9D-3584-BA81-B6B8F138B09C}
	EndProjectSection
EndProject
Project("{8BC9CEB8-8B4A-11D0-8D11-00A0C91BC942}") = "ZERO_CHECK", "ZERO_CHECK.vcxproj", "{7622EE22-9C9D-3584-BA81-B6B8F138B09C}"
	ProjectSection(ProjectDependencies) = postProject
	EndProjectSection
EndProject
Project("{8BC9CEB8-8B4A-11D0-8D11-00A0C91BC942}") = "sim-city", "sim-city.vcxproj", "{54023E01-F58A-3A5E-B54C-AD25BF6A43A9}"
	ProjectSection(ProjectDependencies) = postProject
		{7622EE22-9C9D-3584-BA81-B6B8F138B09C} = {7622EE22-9C9D-3584-BA81-B6B8F138B09C}
	EndProjectSection
EndProject
Project("{8BC9CEB8-8B4A-11D0-8D11-00A0C91BC942}") = "tests_engine", "Engine\Tests\tests_engine.vcxproj", "{B82B18F3-5F33-32AF-984D-083219C9BEA1}"
	ProjectSection(ProjectDependencies) = postProject
		{7622EE22-9C9D-3584-BA81-B6B8F138B09C} = {7622EE22-9C9D-3584-BA81-B6B8F138B09C}
	EndProjectSection
EndProject
Global
	GlobalSection(SolutionConfigurationPlatforms) = preSolution
		Debug|Win32 = Debug|Win32
		Release|Win32 = Release|Win32
		MinSizeRel|Win32 = MinSizeRel|Win32
		RelWithDebInfo|Win32 = RelWithDebInfo|Win32
	EndGlobalSection
	GlobalSection(ProjectConfigurationPlatforms) = postSolution
		{744EFE64-30B6-3A97-8189-59496472485D}.Debug|Win32.ActiveCfg = Debug|Win32
		{744EFE64-30B6-3A97-8189-59496472485D}.Debug|Win32.Build.0 = Debug|Win32
		{744EFE64-30B6-3A97-8189-59496472485D}.Release|Win32.ActiveCfg = Release|Win32
		{744EFE64-30B6-3A97-8189-59496472485D}.Release|Win32.Build.0 = Release|Win32
		{744EFE64-30B6-3A97-8189-59496472485D}.MinSizeRel|Win32.ActiveCfg = MinSizeRel|Win32
		{744EFE64-30B6-3A97-8189-59496472485D}.MinSizeRel|Win32.Build.0 = MinSizeRel|Win32
		{744EFE64-30B6-3A97-8189-59496472485D}.RelWithDebInfo|Win32.ActiveCfg = RelWithDebInfo|Win32
		{744EFE64-30B6-3A97-8189-59496472485D}.RelWithDebInfo|Win32.Build.0 = RelWithDebInfo|Win32
		{FC211B35-5BB8-3D5C-868B-A196E563EF34}.Debug|Win32.ActiveCfg = Debug|Win32
		{FC211B35-5BB8-3D5C-868B-A196E563EF34}.Release|Win32.ActiveCfg = Release|Win32
		{FC211B35-5BB8-3D5C-868B-A196E563EF34}.MinSizeRel|Win32.ActiveCfg = MinSizeRel|Win32
		{FC211B35-5BB8-3D5C-868B-A196E563EF34}.RelWithDebInfo|Win32.ActiveCfg = RelWithDebInfo|Win32
		{7622EE22-9C9D-3584-BA81-B6B8F138B09C}.Debug|Win32.ActiveCfg = Debug|Win32
		{7622EE22-9C9D-3584-BA81-B6B8F138B09C}.Debug|Win32.Build.0 = Debug|Win32
		{7622EE22-9C9D-3584-BA81-B6B8F138B09C}.Release|Win32.ActiveCfg = Release|Win32
		{7622EE22-9C9D-3584-BA81-B6B8F138B09C}.Release|Win32.Build.0 = Release|Win32
		{7622EE22-9C9D-3584-BA81-B6B8F138B09C}.MinSizeRel|Win32.ActiveCfg = MinSizeRel|Win32
		{7622EE22-9C9D-3584-BA81-B6B8F138B09C}.MinSizeRel|Win32.Build.0 = MinSizeRel|Win32
		{7622EE22-9C9D-3584-BA81-B6B8F138B09C}.RelWithDebInfo|Win32.ActiveCfg = RelWithDebInfo|Win32
		{7622EE22-9C9D-3584-BA81-B6B8F138B09C}.RelWithDebInfo|Win32.Build.0 = RelWithDebInfo|Win32
		{54023E01-F58A-3A5E-B54C-AD25BF6A43A9}.Debug|Win32.ActiveCfg = Debug|Win32
		{54023E01-F58A-3A5E-B54C-AD25BF6A43A9}.Debug|Win32.Build.0 = Debug|Win32
		{54023E01-F58A-3A5E-B54C-AD25BF6A43A9}.Release|Win32.ActiveCfg = Release|Win32
		{54023E01-F58A-3A5E-B54C-AD25BF6A43A9}.Release|Win32.Build.0 = Release|Win32
		{54023E01-F58A-3A5E-B54C-AD25BF6A43A9}.MinSizeRel|Win32.ActiveCfg = MinSizeRel|Win32
		{54023E01-F58A-3A5E-B54C-AD25BF6A43A9}.MinSizeRel|Win32.Build.0 = MinSizeRel|Win32
		{54023E01-F58A-3A5E-B54C-AD25BF6A43A9}.RelWithDebInfo|Win32.ActiveCfg = RelWithDebInfo|Win32
		{54023E01-F58A-3A5E-B54C-AD25BF6A43A9}.RelWithDebInfo|Win32.Build.0 = RelWithDebInfo|Win32
		{B82B18F3-5F33-32AF-984D-083219C9BEA1}.Debug|Win32.ActiveCfg = Debug|Win32
		{B82B18F3-5F33-32AF-984D-083219C9BEA1}.Debug|Win32.Build.0 = Debug|Win32
		{B82B18F3-5F33-32AF-984D-083219C9BEA1}.Release|Win32.ActiveCfg = Release|Win32
		{B82B18F3-5F33-32AF-984D-083219C9BEA1}.Release|Win32.Build.0 = Release|Win32
		{B82B18F3-5F33-32AF-984D-083219C9BEA1}.MinSizeRel|Win32.ActiveCfg = MinSizeRel|Win32
		{B82B18F3-5F33-32AF-984D-083219C9BEA1}.MinSizeRel|Win32.Build.0 = MinSizeRel|Win32
		{B82B18F3-5F33-32AF-984D-083219C9BEA1}.RelWithDebInfo|Win32.ActiveCfg = RelWithDebInfo|Win32
		{B82B18F3-5F33-32AF-984D-083219C9BEA1}.RelWithDebInfo|Win32.Build.0 = RelWithDebInfo|Win32
	EndGlobalSection
	GlobalSection(ExtensibilityGlobals) = postSolution
	EndGlobalSection
	GlobalSection(ExtensibilityAddIns) = postSolution
	EndGlobalSection
EndGlobal
